
Microsoft Visual Studio Solution File, Format Version 12.00
# Visual Studio Version 17
VisualStudioVersion = 17.14.36616.10 d17.14
MinimumVisualStudioVersion = 10.0.40219.1
Project("{FAE04EC0-301F-11D3-BF4B-00C04F79EFBC}") = "Pta_JQuery", "Pta_JQuery\Pta_JQuery.csproj", "{3BAB7240-7B33-4083-9DD9-0413F93DBDE2}"
EndProject
Global
	GlobalSection(SolutionConfigurationPlatforms) = preSolution
		Debug|Any CPU = Debug|Any CPU
		Release|Any CPU = Release|Any CPU
	EndGlobalSection
	GlobalSection(ProjectConfigurationPlatforms) = postSolution
		{3BAB7240-7B33-4083-9DD9-0413F93DBDE2}.Debug|Any CPU.ActiveCfg = Debug|Any CPU
		{3BAB7240-7B33-4083-9DD9-0413F93DBDE2}.Debug|Any CPU.Build.0 = Debug|Any CPU
		{3BAB7240-7B33-4083-9DD9-0413F93DBDE2}.Release|Any CPU.ActiveCfg = Release|Any CPU
		{3BAB7240-7B33-4083-9DD9-0413F93DBDE2}.Release|Any CPU.Build.0 = Release|Any CPU
	EndGlobalSection
	GlobalSection(SolutionProperties) = preSolution
		HideSolutionNode = FALSE
	EndGlobalSection
	GlobalSection(ExtensibilityGlobals) = postSolution
		SolutionGuid = {823C5E68-7659-4868-B230-98D36BD2B304}
	EndGlobalSection
EndGlobal
