
Microsoft Visual Studio Solution File, Format Version 12.00
# Visual Studio Version 17
VisualStudioVersion = 17.14.36408.4 d17.14
MinimumVisualStudioVersion = 10.0.40219.1
Project("{FAE04EC0-301F-11D3-BF4B-00C04F79EFBC}") = "Pta_231220711_DE01", "Pta_231220711_DE01.csproj", "{99574A5D-FDF8-42EA-B6AD-A32BF604AACC}"
EndProject
Global
	GlobalSection(SolutionConfigurationPlatforms) = preSolution
		Debug|Any CPU = Debug|Any CPU
		Release|Any CPU = Release|Any CPU
	EndGlobalSection
	GlobalSection(ProjectConfigurationPlatforms) = postSolution
		{99574A5D-FDF8-42EA-B6AD-A32BF604AACC}.Debug|Any CPU.ActiveCfg = Debug|Any CPU
		{99574A5D-FDF8-42EA-B6AD-A32BF604AACC}.Debug|Any CPU.Build.0 = Debug|Any CPU
		{99574A5D-FDF8-42EA-B6AD-A32BF604AACC}.Release|Any CPU.ActiveCfg = Release|Any CPU
		{99574A5D-FDF8-42EA-B6AD-A32BF604AACC}.Release|Any CPU.Build.0 = Release|Any CPU
	EndGlobalSection
	GlobalSection(SolutionProperties) = preSolution
		HideSolutionNode = FALSE
	EndGlobalSection
	GlobalSection(ExtensibilityGlobals) = postSolution
		SolutionGuid = {42F9B1BB-DA15-44EE-A48B-466D963EB846}
	EndGlobalSection
EndGlobal
